
Microsoft Visual Studio Solution File, Format Version 12.00
# Visual Studio 15
VisualStudioVersion = 15.0.28307.329
MinimumVisualStudioVersion = 10.0.40219.1
Project("{FAE04EC0-301F-11D3-BF4B-00C04F79EFBC}") = "LockFile", "LockFile\LockFile.csproj", "{3F4D4491-8729-46A6-B8B6-2B2777576E20}"
EndProject
Project("{FAE04EC0-301F-11D3-BF4B-00C04F79EFBC}") = "LockFile.Tests", "LockFile.Tests\LockFile.Tests.csproj", "{AD200387-E058-464E-9868-7957173D34A7}"
EndProject
Global
	GlobalSection(SolutionConfigurationPlatforms) = preSolution
		Debug|Any CPU = Debug|Any CPU
		Release|Any CPU = Release|Any CPU
	EndGlobalSection
	GlobalSection(ProjectConfigurationPlatforms) = postSolution
		{3F4D4491-8729-46A6-B8B6-2B2777576E20}.Debug|Any CPU.ActiveCfg = Debug|Any CPU
		{3F4D4491-8729-46A6-B8B6-2B2777576E20}.Debug|Any CPU.Build.0 = Debug|Any CPU
		{3F4D4491-8729-46A6-B8B6-2B2777576E20}.Release|Any CPU.ActiveCfg = Release|Any CPU
		{3F4D4491-8729-46A6-B8B6-2B2777576E20}.Release|Any CPU.Build.0 = Release|Any CPU
		{AD200387-E058-464E-9868-7957173D34A7}.Debug|Any CPU.ActiveCfg = Debug|Any CPU
		{AD200387-E058-464E-9868-7957173D34A7}.Debug|Any CPU.Build.0 = Debug|Any CPU
		{AD200387-E058-464E-9868-7957173D34A7}.Release|Any CPU.ActiveCfg = Release|Any CPU
		{AD200387-E058-464E-9868-7957173D34A7}.Release|Any CPU.Build.0 = Release|Any CPU
	EndGlobalSection
	GlobalSection(SolutionProperties) = preSolution
		HideSolutionNode = FALSE
	EndGlobalSection
	GlobalSection(ExtensibilityGlobals) = postSolution
		SolutionGuid = {3B55A8B3-64D9-450E-92CB-97D2C717B093}
	EndGlobalSection
EndGlobal
